
Microsoft Visual Studio Solution File, Format Version 12.00
Project("{FAE04EC0-301F-11D3-BF4B-00C04F79EFBC}") = "TheClient", "TheClient\TheClient.csproj", "{A7D9FE23-280B-4B46-A58C-BCC6C34D5AFA}"
EndProject
Project("{FAE04EC0-301F-11D3-BF4B-00C04F79EFBC}") = "TheServer", "TheServer\TheServer.csproj", "{E18A33D9-94C2-4383-9328-9037825235F7}"
EndProject
Project("{2150E333-8FDC-42A3-9474-1A3956D46DE8}") = "Echo", "Echo", "{9F9444C2-6CEC-46E5-B0CD-951E92A3E83C}"
EndProject
Project("{2150E333-8FDC-42A3-9474-1A3956D46DE8}") = "Message", "Message", "{08C164F9-0D4B-4699-93E4-106238ADA20D}"
EndProject
Project("{FAE04EC0-301F-11D3-BF4B-00C04F79EFBC}") = "TheClient", "MessageClient\TheClient.csproj", "{D3C6BD4D-0A4E-4FE6-A7F9-611F48BB69D5}"
EndProject
Project("{2150E333-8FDC-42A3-9474-1A3956D46DE8}") = "StructMessage", "StructMessage", "{9FD3C911-B13E-464F-ADD3-884E8F53B1D0}"
EndProject
Project("{FAE04EC0-301F-11D3-BF4B-00C04F79EFBC}") = "StructMessage", "StructMessage\StructMessage.csproj", "{F5B11129-9140-485D-B755-75FECE0F47DF}"
EndProject
Global
	GlobalSection(SolutionConfigurationPlatforms) = preSolution
		Debug|Any CPU = Debug|Any CPU
		Release|Any CPU = Release|Any CPU
	EndGlobalSection
	GlobalSection(ProjectConfigurationPlatforms) = postSolution
		{A7D9FE23-280B-4B46-A58C-BCC6C34D5AFA}.Debug|Any CPU.ActiveCfg = Debug|Any CPU
		{A7D9FE23-280B-4B46-A58C-BCC6C34D5AFA}.Debug|Any CPU.Build.0 = Debug|Any CPU
		{A7D9FE23-280B-4B46-A58C-BCC6C34D5AFA}.Release|Any CPU.ActiveCfg = Release|Any CPU
		{A7D9FE23-280B-4B46-A58C-BCC6C34D5AFA}.Release|Any CPU.Build.0 = Release|Any CPU
		{E18A33D9-94C2-4383-9328-9037825235F7}.Debug|Any CPU.ActiveCfg = Debug|Any CPU
		{E18A33D9-94C2-4383-9328-9037825235F7}.Debug|Any CPU.Build.0 = Debug|Any CPU
		{E18A33D9-94C2-4383-9328-9037825235F7}.Release|Any CPU.ActiveCfg = Release|Any CPU
		{E18A33D9-94C2-4383-9328-9037825235F7}.Release|Any CPU.Build.0 = Release|Any CPU
		{D3C6BD4D-0A4E-4FE6-A7F9-611F48BB69D5}.Debug|Any CPU.ActiveCfg = Debug|Any CPU
		{D3C6BD4D-0A4E-4FE6-A7F9-611F48BB69D5}.Debug|Any CPU.Build.0 = Debug|Any CPU
		{D3C6BD4D-0A4E-4FE6-A7F9-611F48BB69D5}.Release|Any CPU.ActiveCfg = Release|Any CPU
		{D3C6BD4D-0A4E-4FE6-A7F9-611F48BB69D5}.Release|Any CPU.Build.0 = Release|Any CPU
		{F5B11129-9140-485D-B755-75FECE0F47DF}.Debug|Any CPU.ActiveCfg = Debug|Any CPU
		{F5B11129-9140-485D-B755-75FECE0F47DF}.Debug|Any CPU.Build.0 = Debug|Any CPU
		{F5B11129-9140-485D-B755-75FECE0F47DF}.Release|Any CPU.ActiveCfg = Release|Any CPU
		{F5B11129-9140-485D-B755-75FECE0F47DF}.Release|Any CPU.Build.0 = Release|Any CPU
	EndGlobalSection
	GlobalSection(NestedProjects) = preSolution
		{A7D9FE23-280B-4B46-A58C-BCC6C34D5AFA} = {9F9444C2-6CEC-46E5-B0CD-951E92A3E83C}
		{E18A33D9-94C2-4383-9328-9037825235F7} = {9F9444C2-6CEC-46E5-B0CD-951E92A3E83C}
		{D3C6BD4D-0A4E-4FE6-A7F9-611F48BB69D5} = {08C164F9-0D4B-4699-93E4-106238ADA20D}
		{F5B11129-9140-485D-B755-75FECE0F47DF} = {9FD3C911-B13E-464F-ADD3-884E8F53B1D0}
	EndGlobalSection
EndGlobal
