
Microsoft Visual Studio Solution File, Format Version 12.00
Project("{FAE04EC0-301F-11D3-BF4B-00C04F79EFBC}") = "TheClient", "TheClient\TheClient.csproj", "{A7D9FE23-280B-4B46-A58C-BCC6C34D5AFA}"
EndProject
Project("{FAE04EC0-301F-11D3-BF4B-00C04F79EFBC}") = "TheServer", "TheServer\TheServer.csproj", "{E18A33D9-94C2-4383-9328-9037825235F7}"
EndProject
Project("{2150E333-8FDC-42A3-9474-1A3956D46DE8}") = "Echo", "Echo", "{9F9444C2-6CEC-46E5-B0CD-951E92A3E83C}"
EndProject
Project("{2150E333-8FDC-42A3-9474-1A3956D46DE8}") = "Message", "Message", "{08C164F9-0D4B-4699-93E4-106238ADA20D}"
EndProject
Project("{FAE04EC0-301F-11D3-BF4B-00C04F79EFBC}") = "TheServer", "MessageServer\TheServer\TheServer.csproj", "{500B087F-2543-4E28-8043-D12C2FD22FA7}"
EndProject
Project("{FAE04EC0-301F-11D3-BF4B-00C04F79EFBC}") = "TheClient", "MessageServer\TheClient\TheClient.csproj", "{2A06B20D-90F2-453E-89B3-7E0D7BF0DF2A}"
EndProject
Global
	GlobalSection(SolutionConfigurationPlatforms) = preSolution
		Debug|Any CPU = Debug|Any CPU
		Release|Any CPU = Release|Any CPU
	EndGlobalSection
	GlobalSection(ProjectConfigurationPlatforms) = postSolution
		{A7D9FE23-280B-4B46-A58C-BCC6C34D5AFA}.Debug|Any CPU.ActiveCfg = Debug|Any CPU
		{A7D9FE23-280B-4B46-A58C-BCC6C34D5AFA}.Debug|Any CPU.Build.0 = Debug|Any CPU
		{A7D9FE23-280B-4B46-A58C-BCC6C34D5AFA}.Release|Any CPU.ActiveCfg = Release|Any CPU
		{A7D9FE23-280B-4B46-A58C-BCC6C34D5AFA}.Release|Any CPU.Build.0 = Release|Any CPU
		{E18A33D9-94C2-4383-9328-9037825235F7}.Debug|Any CPU.ActiveCfg = Debug|Any CPU
		{E18A33D9-94C2-4383-9328-9037825235F7}.Debug|Any CPU.Build.0 = Debug|Any CPU
		{E18A33D9-94C2-4383-9328-9037825235F7}.Release|Any CPU.ActiveCfg = Release|Any CPU
		{E18A33D9-94C2-4383-9328-9037825235F7}.Release|Any CPU.Build.0 = Release|Any CPU
		{500B087F-2543-4E28-8043-D12C2FD22FA7}.Debug|Any CPU.ActiveCfg = Debug|Any CPU
		{500B087F-2543-4E28-8043-D12C2FD22FA7}.Debug|Any CPU.Build.0 = Debug|Any CPU
		{500B087F-2543-4E28-8043-D12C2FD22FA7}.Release|Any CPU.ActiveCfg = Release|Any CPU
		{500B087F-2543-4E28-8043-D12C2FD22FA7}.Release|Any CPU.Build.0 = Release|Any CPU
		{2A06B20D-90F2-453E-89B3-7E0D7BF0DF2A}.Debug|Any CPU.ActiveCfg = Debug|Any CPU
		{2A06B20D-90F2-453E-89B3-7E0D7BF0DF2A}.Debug|Any CPU.Build.0 = Debug|Any CPU
		{2A06B20D-90F2-453E-89B3-7E0D7BF0DF2A}.Release|Any CPU.ActiveCfg = Release|Any CPU
		{2A06B20D-90F2-453E-89B3-7E0D7BF0DF2A}.Release|Any CPU.Build.0 = Release|Any CPU
	EndGlobalSection
	GlobalSection(NestedProjects) = preSolution
		{A7D9FE23-280B-4B46-A58C-BCC6C34D5AFA} = {9F9444C2-6CEC-46E5-B0CD-951E92A3E83C}
		{E18A33D9-94C2-4383-9328-9037825235F7} = {9F9444C2-6CEC-46E5-B0CD-951E92A3E83C}
		{500B087F-2543-4E28-8043-D12C2FD22FA7} = {08C164F9-0D4B-4699-93E4-106238ADA20D}
		{2A06B20D-90F2-453E-89B3-7E0D7BF0DF2A} = {08C164F9-0D4B-4699-93E4-106238ADA20D}
	EndGlobalSection
EndGlobal
